
Microsoft Visual Studio Solution File, Format Version 12.00
# Visual Studio Version 17
VisualStudioVersion = 17.9.34714.143
MinimumVisualStudioVersion = 10.0.40219.1
Project("{8BC9CEB8-8B4A-11D0-8D11-00A0C91BC942}") = "day 16n", "day 16n\day 16n.vcxproj", "{7E2AB6A1-C0C0-4206-893C-21D13BE65CB0}"
EndProject
Global
	GlobalSection(SolutionConfigurationPlatforms) = preSolution
		Debug|x64 = Debug|x64
		Debug|x86 = Debug|x86
		Release|x64 = Release|x64
		Release|x86 = Release|x86
	EndGlobalSection
	GlobalSection(ProjectConfigurationPlatforms) = postSolution
		{7E2AB6A1-C0C0-4206-893C-21D13BE65CB0}.Debug|x64.ActiveCfg = Debug|x64
		{7E2AB6A1-C0C0-4206-893C-21D13BE65CB0}.Debug|x64.Build.0 = Debug|x64
		{7E2AB6A1-C0C0-4206-893C-21D13BE65CB0}.Debug|x86.ActiveCfg = Debug|Win32
		{7E2AB6A1-C0C0-4206-893C-21D13BE65CB0}.Debug|x86.Build.0 = Debug|Win32
		{7E2AB6A1-C0C0-4206-893C-21D13BE65CB0}.Release|x64.ActiveCfg = Release|x64
		{7E2AB6A1-C0C0-4206-893C-21D13BE65CB0}.Release|x64.Build.0 = Release|x64
		{7E2AB6A1-C0C0-4206-893C-21D13BE65CB0}.Release|x86.ActiveCfg = Release|Win32
		{7E2AB6A1-C0C0-4206-893C-21D13BE65CB0}.Release|x86.Build.0 = Release|Win32
	EndGlobalSection
	GlobalSection(SolutionProperties) = preSolution
		HideSolutionNode = FALSE
	EndGlobalSection
	GlobalSection(ExtensibilityGlobals) = postSolution
		SolutionGuid = {742DDE21-59A2-4B48-B6C0-6F0E0B7577D0}
	EndGlobalSection
EndGlobal
