
Microsoft Visual Studio Solution File, Format Version 12.00
# Visual Studio Version 17
VisualStudioVersion = 17.9.34714.143
MinimumVisualStudioVersion = 10.0.40219.1
Project("{8BC9CEB8-8B4A-11D0-8D11-00A0C91BC942}") = "day 1", "day 1\day 1.vcxproj", "{FDB636C9-DFEA-49FF-BF40-E7229BFB54EF}"
EndProject
Global
	GlobalSection(SolutionConfigurationPlatforms) = preSolution
		Debug|x64 = Debug|x64
		Debug|x86 = Debug|x86
		Release|x64 = Release|x64
		Release|x86 = Release|x86
	EndGlobalSection
	GlobalSection(ProjectConfigurationPlatforms) = postSolution
		{FDB636C9-DFEA-49FF-BF40-E7229BFB54EF}.Debug|x64.ActiveCfg = Debug|x64
		{FDB636C9-DFEA-49FF-BF40-E7229BFB54EF}.Debug|x64.Build.0 = Debug|x64
		{FDB636C9-DFEA-49FF-BF40-E7229BFB54EF}.Debug|x86.ActiveCfg = Debug|Win32
		{FDB636C9-DFEA-49FF-BF40-E7229BFB54EF}.Debug|x86.Build.0 = Debug|Win32
		{FDB636C9-DFEA-49FF-BF40-E7229BFB54EF}.Release|x64.ActiveCfg = Release|x64
		{FDB636C9-DFEA-49FF-BF40-E7229BFB54EF}.Release|x64.Build.0 = Release|x64
		{FDB636C9-DFEA-49FF-BF40-E7229BFB54EF}.Release|x86.ActiveCfg = Release|Win32
		{FDB636C9-DFEA-49FF-BF40-E7229BFB54EF}.Release|x86.Build.0 = Release|Win32
	EndGlobalSection
	GlobalSection(SolutionProperties) = preSolution
		HideSolutionNode = FALSE
	EndGlobalSection
	GlobalSection(ExtensibilityGlobals) = postSolution
		SolutionGuid = {E781CA04-7673-41C6-8762-16A98A082A70}
	EndGlobalSection
EndGlobal
